
Microsoft Visual Studio Solution File, Format Version 12.00
# Visual Studio Version 17
VisualStudioVersion = 17.14.36414.22
MinimumVisualStudioVersion = 10.0.40219.1
Project("{FAE04EC0-301F-11D3-BF4B-00C04F79EFBC}") = "VerificationTask", "VerificationTask.csproj", "{F7F6D503-D7DF-44A5-A214-B5FAD72821E0}"
EndProject
Global
	GlobalSection(SolutionConfigurationPlatforms) = preSolution
		Debug|Any CPU = Debug|Any CPU
		Release|Any CPU = Release|Any CPU
	EndGlobalSection
	GlobalSection(ProjectConfigurationPlatforms) = postSolution
		{F7F6D503-D7DF-44A5-A214-B5FAD72821E0}.Debug|Any CPU.ActiveCfg = Debug|Any CPU
		{F7F6D503-D7DF-44A5-A214-B5FAD72821E0}.Debug|Any CPU.Build.0 = Debug|Any CPU
		{F7F6D503-D7DF-44A5-A214-B5FAD72821E0}.Release|Any CPU.ActiveCfg = Release|Any CPU
		{F7F6D503-D7DF-44A5-A214-B5FAD72821E0}.Release|Any CPU.Build.0 = Release|Any CPU
	EndGlobalSection
	GlobalSection(SolutionProperties) = preSolution
		HideSolutionNode = FALSE
	EndGlobalSection
	GlobalSection(ExtensibilityGlobals) = postSolution
		SolutionGuid = {0332D92D-CD4B-4676-AAE8-853F361B2C60}
	EndGlobalSection
EndGlobal
